
Microsoft Visual Studio Solution File, Format Version 12.00
# Visual Studio Version 17
VisualStudioVersion = 17.3.32929.385
MinimumVisualStudioVersion = 10.0.40219.1
Project("{FAE04EC0-301F-11D3-BF4B-00C04F79EFBC}") = "sudoku checker", "sudoku checker.csproj", "{6B02C2B3-4413-44D6-9ADC-AEAA0B8114F2}"
EndProject
Global
	GlobalSection(SolutionConfigurationPlatforms) = preSolution
		Debug|Any CPU = Debug|Any CPU
		Release|Any CPU = Release|Any CPU
	EndGlobalSection
	GlobalSection(ProjectConfigurationPlatforms) = postSolution
		{6B02C2B3-4413-44D6-9ADC-AEAA0B8114F2}.Debug|Any CPU.ActiveCfg = Debug|Any CPU
		{6B02C2B3-4413-44D6-9ADC-AEAA0B8114F2}.Debug|Any CPU.Build.0 = Debug|Any CPU
		{6B02C2B3-4413-44D6-9ADC-AEAA0B8114F2}.Release|Any CPU.ActiveCfg = Release|Any CPU
		{6B02C2B3-4413-44D6-9ADC-AEAA0B8114F2}.Release|Any CPU.Build.0 = Release|Any CPU
	EndGlobalSection
	GlobalSection(SolutionProperties) = preSolution
		HideSolutionNode = FALSE
	EndGlobalSection
	GlobalSection(ExtensibilityGlobals) = postSolution
		SolutionGuid = {FDC9702B-84F5-4C37-A50B-F0D72F6C9C7D}
	EndGlobalSection
EndGlobal
